# Optional OTLP exporter. Install only when LEARNINGLOOP_OTEL_ENABLED=true.
googleapis-common-protos==1.75.2
opentelemetry-api==1.44.0
opentelemetry-exporter-otlp-proto-common==1.44.0
opentelemetry-exporter-otlp-proto-http==1.44.0
opentelemetry-proto==1.44.0
opentelemetry-sdk==1.44.0
opentelemetry-semantic-conventions==0.65b0
protobuf==7.36.1
