# Development-only tools. Core runtime dependencies live in requirements.lock.
boolean.py==5.0
CacheControl==0.14.4
charset-normalizer==3.5.1
coverage==7.16.0
cyclonedx-python-lib==9.1.0
defusedxml==0.7.1
filelock==3.32.5
license-expression==30.4.4
markdown-it-py==4.2.0
mdurl==0.1.2
msgpack==1.2.2
nodeenv==1.10.0
packageurl-python==0.17.6
pip-api==0.0.34
pip-audit==2.9.0
pip-requirements-parser==32.0.1
platformdirs==4.11.7
py-serializable==2.1.0
pyparsing==3.3.2
pyright==1.1.407
pytest-cov==7.0.0
requests==2.34.2
rich==15.0.0
sortedcontainers==2.4.0
toml==0.10.2
urllib3==2.7.0
